// !$*UTF8*$!
{
	archiveVersion = 1;
	classes = {
	};
	objectVersion = 56;
	objects = {

/* Begin PBXBuildFile section */
		228D114E29A910D500F132C2 /* ExpenseTrackerAppApp.swift in Sources */ = {isa = PBXBuildFile; fileRef = 228D114D29A910D500F132C2 /* ExpenseTrackerAppApp.swift */; };
		228D115029A910D500F132C2 /* HomePageView.swift in Sources */ = {isa = PBXBuildFile; fileRef = 228D114F29A910D500F132C2 /* HomePageView.swift */; };
		228D115229A910D700F132C2 /* Assets.xcassets in Resources */ = {isa = PBXBuildFile; fileRef = 228D115129A910D700F132C2 /* Assets.xcassets */; };
		228D115529A910D700F132C2 /* Preview Assets.xcassets in Resources */ = {isa = PBXBuildFile; fileRef = 228D115429A910D700F132C2 /* Preview Assets.xcassets */; };
		228D115C29A9190000F132C2 /* Extensions.swift in Sources */ = {isa = PBXBuildFile; fileRef = 228D115B29A9190000F132C2 /* Extensions.swift */; };
		22A7F68329A921A700E8212C /* TransactionModel.swift in Sources */ = {isa = PBXBuildFile; fileRef = 22A7F68229A921A700E8212C /* TransactionModel.swift */; };
		22A7F68529A9253C00E8212C /* PreviewData.swift in Sources */ = {isa = PBXBuildFile; fileRef = 22A7F68429A9253C00E8212C /* PreviewData.swift */; };
		22A7F68A29A9288600E8212C /* TransactionRow.swift in Sources */ = {isa = PBXBuildFile; fileRef = 22A7F68929A9288600E8212C /* TransactionRow.swift */; };
		22ADD7BC29A9FF8F00242DF2 /* SwiftUIFontIcon in Frameworks */ = {isa = PBXBuildFile; productRef = 22ADD7BB29A9FF8F00242DF2 /* SwiftUIFontIcon */; };
		22ADD7BF29AA0CCF00242DF2 /* TransactionListViewModel.swift in Sources */ = {isa = PBXBuildFile; fileRef = 22ADD7BE29AA0CCF00242DF2 /* TransactionListViewModel.swift */; };
		22ADD7C129AA1A4400242DF2 /* RecentTransactionsList.swift in Sources */ = {isa = PBXBuildFile; fileRef = 22ADD7C029AA1A4400242DF2 /* RecentTransactionsList.swift */; };
		22DCA41929AAAC96001ED045 /* AllTransactionsPageView.swift in Sources */ = {isa = PBXBuildFile; fileRef = 22DCA41829AAAC96001ED045 /* AllTransactionsPageView.swift */; };
		22DCA41C29AAB53B001ED045 /* Collections in Frameworks */ = {isa = PBXBuildFile; productRef = 22DCA41B29AAB53B001ED045 /* Collections */; };
/* End PBXBuildFile section */

/* Begin PBXFileReference section */
		228D114A29A910D500F132C2 /* ExpenseTrackerApp.app */ = {isa = PBXFileReference; explicitFileType = wrapper.application; includeInIndex = 0; path = ExpenseTrackerApp.app; sourceTree = BUILT_PRODUCTS_DIR; };
		228D114D29A910D500F132C2 /* ExpenseTrackerAppApp.swift */ = {isa = PBXFileReference; lastKnownFileType = sourcecode.swift; path = ExpenseTrackerAppApp.swift; sourceTree = "<group>"; };
		228D114F29A910D500F132C2 /* HomePageView.swift */ = {isa = PBXFileReference; lastKnownFileType = sourcecode.swift; path = HomePageView.swift; sourceTree = "<group>"; };
		228D115129A910D700F132C2 /* Assets.xcassets */ = {isa = PBXFileReference; lastKnownFileType = folder.assetcatalog; path = Assets.xcassets; sourceTree = "<group>"; };
		228D115429A910D700F132C2 /* Preview Assets.xcassets */ = {isa = PBXFileReference; lastKnownFileType = folder.assetcatalog; path = "Preview Assets.xcassets"; sourceTree = "<group>"; };
		228D115B29A9190000F132C2 /* Extensions.swift */ = {isa = PBXFileReference; lastKnownFileType = sourcecode.swift; path = Extensions.swift; sourceTree = "<group>"; };
		22A7F68229A921A700E8212C /* TransactionModel.swift */ = {isa = PBXFileReference; lastKnownFileType = sourcecode.swift; path = TransactionModel.swift; sourceTree = "<group>"; };
		22A7F68429A9253C00E8212C /* PreviewData.swift */ = {isa = PBXFileReference; lastKnownFileType = sourcecode.swift; path = PreviewData.swift; sourceTree = "<group>"; };
		22A7F68929A9288600E8212C /* TransactionRow.swift */ = {isa = PBXFileReference; lastKnownFileType = sourcecode.swift; path = TransactionRow.swift; sourceTree = "<group>"; };
		22ADD7BE29AA0CCF00242DF2 /* TransactionListViewModel.swift */ = {isa = PBXFileReference; lastKnownFileType = sourcecode.swift; path = TransactionListViewModel.swift; sourceTree = "<group>"; };
		22ADD7C029AA1A4400242DF2 /* RecentTransactionsList.swift */ = {isa = PBXFileReference; lastKnownFileType = sourcecode.swift; path = RecentTransactionsList.swift; sourceTree = "<group>"; };
		22DCA41829AAAC96001ED045 /* AllTransactionsPageView.swift */ = {isa = PBXFileReference; lastKnownFileType = sourcecode.swift; path = AllTransactionsPageView.swift; sourceTree = "<group>"; };
/* End PBXFileReference section */

/* Begin PBXFrameworksBuildPhase section */
		228D114729A910D500F132C2 /* Frameworks */ = {
			isa = PBXFrameworksBuildPhase;
			buildActionMask = 2147483647;
			files = (
				22DCA41C29AAB53B001ED045 /* Collections in Frameworks */,
				22ADD7BC29A9FF8F00242DF2 /* SwiftUIFontIcon in Frameworks */,
			);
			runOnlyForDeploymentPostprocessing = 0;
		};
/* End PBXFrameworksBuildPhase section */

/* Begin PBXGroup section */
		228D114129A910D500F132C2 = {
			isa = PBXGroup;
			children = (
				228D114C29A910D500F132C2 /* ExpenseTrackerApp */,
				228D114B29A910D500F132C2 /* Products */,
			);
			sourceTree = "<group>";
		};
		228D114B29A910D500F132C2 /* Products */ = {
			isa = PBXGroup;
			children = (
				228D114A29A910D500F132C2 /* ExpenseTrackerApp.app */,
			);
			name = Products;
			sourceTree = "<group>";
		};
		228D114C29A910D500F132C2 /* ExpenseTrackerApp */ = {
			isa = PBXGroup;
			children = (
				228D114D29A910D500F132C2 /* ExpenseTrackerAppApp.swift */,
				22A7F68729A927CA00E8212C /* Resources */,
				22A7F68829A9284800E8212C /* Pages */,
				22ADD7BD29AA05E500242DF2 /* ViewModels */,
				22A7F68129A9219200E8212C /* Models */,
				22A7F68629A9279D00E8212C /* Components */,
				228D115129A910D700F132C2 /* Assets.xcassets */,
				228D115329A910D700F132C2 /* Preview Content */,
			);
			path = ExpenseTrackerApp;
			sourceTree = "<group>";
		};
		228D115329A910D700F132C2 /* Preview Content */ = {
			isa = PBXGroup;
			children = (
				228D115429A910D700F132C2 /* Preview Assets.xcassets */,
				22A7F68429A9253C00E8212C /* PreviewData.swift */,
			);
			path = "Preview Content";
			sourceTree = "<group>";
		};
		22A7F68129A9219200E8212C /* Models */ = {
			isa = PBXGroup;
			children = (
				22A7F68229A921A700E8212C /* TransactionModel.swift */,
			);
			path = Models;
			sourceTree = "<group>";
		};
		22A7F68629A9279D00E8212C /* Components */ = {
			isa = PBXGroup;
			children = (
				22A7F68929A9288600E8212C /* TransactionRow.swift */,
				22ADD7C029AA1A4400242DF2 /* RecentTransactionsList.swift */,
			);
			path = Components;
			sourceTree = "<group>";
		};
		22A7F68729A927CA00E8212C /* Resources */ = {
			isa = PBXGroup;
			children = (
				228D115B29A9190000F132C2 /* Extensions.swift */,
			);
			path = Resources;
			sourceTree = "<group>";
		};
		22A7F68829A9284800E8212C /* Pages */ = {
			isa = PBXGroup;
			children = (
				228D114F29A910D500F132C2 /* HomePageView.swift */,
				22DCA41829AAAC96001ED045 /* AllTransactionsPageView.swift */,
			);
			path = Pages;
			sourceTree = "<group>";
		};
		22ADD7BD29AA05E500242DF2 /* ViewModels */ = {
			isa = PBXGroup;
			children = (
				22ADD7BE29AA0CCF00242DF2 /* TransactionListViewModel.swift */,
			);
			path = ViewModels;
			sourceTree = "<group>";
		};
/* End PBXGroup section */

/* Begin PBXNativeTarget section */
		228D114929A910D500F132C2 /* ExpenseTrackerApp */ = {
			isa = PBXNativeTarget;
			buildConfigurationList = 228D115829A910D700F132C2 /* Build configuration list for PBXNativeTarget "ExpenseTrackerApp" */;
			buildPhases = (
				228D114629A910D500F132C2 /* Sources */,
				228D114729A910D500F132C2 /* Frameworks */,
				228D114829A910D500F132C2 /* Resources */,
			);
			buildRules = (
			);
			dependencies = (
			);
			name = ExpenseTrackerApp;
			packageProductDependencies = (
				22ADD7BB29A9FF8F00242DF2 /* SwiftUIFontIcon */,
				22DCA41B29AAB53B001ED045 /* Collections */,
			);
			productName = ExpenseTrackerApp;
			productReference = 228D114A29A910D500F132C2 /* ExpenseTrackerApp.app */;
			productType = "com.apple.product-type.application";
		};
/* End PBXNativeTarget section */

/* Begin PBXProject section */
		228D114229A910D500F132C2 /* Project object */ = {
			isa = PBXProject;
			attributes = {
				BuildIndependentTargetsInParallel = 1;
				LastSwiftUpdateCheck = 1410;
				LastUpgradeCheck = 1410;
				TargetAttributes = {
					228D114929A910D500F132C2 = {
						CreatedOnToolsVersion = 14.1;
					};
				};
			};
			buildConfigurationList = 228D114529A910D500F132C2 /* Build configuration list for PBXProject "ExpenseTrackerApp" */;
			compatibilityVersion = "Xcode 14.0";
			developmentRegion = en;
			hasScannedForEncodings = 0;
			knownRegions = (
				en,
				Base,
			);
			mainGroup = 228D114129A910D500F132C2;
			packageReferences = (
				22ADD7BA29A9FF8F00242DF2 /* XCRemoteSwiftPackageReference "SwiftUIFontIcon" */,
				22DCA41A29AAB53B001ED045 /* XCRemoteSwiftPackageReference "swift-collections" */,
			);
			productRefGroup = 228D114B29A910D500F132C2 /* Products */;
			projectDirPath = "";
			projectRoot = "";
			targets = (
				228D114929A910D500F132C2 /* ExpenseTrackerApp */,
			);
		};
/* End PBXProject section */

/* Begin PBXResourcesBuildPhase section */
		228D114829A910D500F132C2 /* Resources */ = {
			isa = PBXResourcesBuildPhase;
			buildActionMask = 2147483647;
			files = (
				228D115529A910D700F132C2 /* Preview Assets.xcassets in Resources */,
				228D115229A910D700F132C2 /* Assets.xcassets in Resources */,
			);
			runOnlyForDeploymentPostprocessing = 0;
		};
/* End PBXResourcesBuildPhase section */

/* Begin PBXSourcesBuildPhase section */
		228D114629A910D500F132C2 /* Sources */ = {
			isa = PBXSourcesBuildPhase;
			buildActionMask = 2147483647;
			files = (
				22A7F68529A9253C00E8212C /* PreviewData.swift in Sources */,
				22A7F68329A921A700E8212C /* TransactionModel.swift in Sources */,
				228D115029A910D500F132C2 /* HomePageView.swift in Sources */,
				22A7F68A29A9288600E8212C /* TransactionRow.swift in Sources */,
				228D115C29A9190000F132C2 /* Extensions.swift in Sources */,
				22DCA41929AAAC96001ED045 /* AllTransactionsPageView.swift in Sources */,
				22ADD7C129AA1A4400242DF2 /* RecentTransactionsList.swift in Sources */,
				22ADD7BF29AA0CCF00242DF2 /* TransactionListViewModel.swift in Sources */,
				228D114E29A910D500F132C2 /* ExpenseTrackerAppApp.swift in Sources */,
			);
			runOnlyForDeploymentPostprocessing = 0;
		};
/* End PBXSourcesBuildPhase section */

/* Begin XCBuildConfiguration section */
		228D115629A910D700F132C2 /* Debug */ = {
			isa = XCBuildConfiguration;
			buildSettings = {
				ALWAYS_SEARCH_USER_PATHS = NO;
				CLANG_ANALYZER_NONNULL = YES;
				CLANG_ANALYZER_NUMBER_OBJECT_CONVERSION = YES_AGGRESSIVE;
				CLANG_CXX_LANGUAGE_STANDARD = "gnu++20";
				CLANG_ENABLE_MODULES = YES;
				CLANG_ENABLE_OBJC_ARC = YES;
				CLANG_ENABLE_OBJC_WEAK = YES;
				CLANG_WARN_BLOCK_CAPTURE_AUTORELEASING = YES;
				CLANG_WARN_BOOL_CONVERSION = YES;
				CLANG_WARN_COMMA = YES;
				CLANG_WARN_CONSTANT_CONVERSION = YES;
				CLANG_WARN_DEPRECATED_OBJC_IMPLEMENTATIONS = YES;
				CLANG_WARN_DIRECT_OBJC_ISA_USAGE = YES_ERROR;
				CLANG_WARN_DOCUMENTATION_COMMENTS = YES;
				CLANG_WARN_EMPTY_BODY = YES;
				CLANG_WARN_ENUM_CONVERSION = YES;
				CLANG_WARN_INFINITE_RECURSION = YES;
				CLANG_WARN_INT_CONVERSION = YES;
				CLANG_WARN_NON_LITERAL_NULL_CONVERSION = YES;
				CLANG_WARN_OBJC_IMPLICIT_RETAIN_SELF = YES;
				CLANG_WARN_OBJC_LITERAL_CONVERSION = YES;
				CLANG_WARN_OBJC_ROOT_CLASS = YES_ERROR;
				CLANG_WARN_QUOTED_INCLUDE_IN_FRAMEWORK_HEADER = YES;
				CLANG_WARN_RANGE_LOOP_ANALYSIS = YES;
				CLANG_WARN_STRICT_PROTOTYPES = YES;
				CLANG_WARN_SUSPICIOUS_MOVE = YES;
				CLANG_WARN_UNGUARDED_AVAILABILITY = YES_AGGRESSIVE;
				CLANG_WARN_UNREACHABLE_CODE = YES;
				CLANG_WARN__DUPLICATE_METHOD_MATCH = YES;
				COPY_PHASE_STRIP = NO;
				DEBUG_INFORMATION_FORMAT = dwarf;
				ENABLE_STRICT_OBJC_MSGSEND = YES;
				ENABLE_TESTABILITY = YES;
				GCC_C_LANGUAGE_STANDARD = gnu11;
				GCC_DYNAMIC_NO_PIC = NO;
				GCC_NO_COMMON_BLOCKS = YES;
				GCC_OPTIMIZATION_LEVEL = 0;
				GCC_PREPROCESSOR_DEFINITIONS = (
					"DEBUG=1",
					"$(inherited)",
				);
				GCC_WARN_64_TO_32_BIT_CONVERSION = YES;
				GCC_WARN_ABOUT_RETURN_TYPE = YES_ERROR;
				GCC_WARN_UNDECLARED_SELECTOR = YES;
				GCC_WARN_UNINITIALIZED_AUTOS = YES_AGGRESSIVE;
				GCC_WARN_UNUSED_FUNCTION = YES;
				GCC_WARN_UNUSED_VARIABLE = YES;
				IPHONEOS_DEPLOYMENT_TARGET = 16.1;
				MTL_ENABLE_DEBUG_INFO = INCLUDE_SOURCE;
				MTL_FAST_MATH = YES;
				ONLY_ACTIVE_ARCH = YES;
				SDKROOT = iphoneos;
				SWIFT_ACTIVE_COMPILATION_CONDITIONS = DEBUG;
				SWIFT_OPTIMIZATION_LEVEL = "-Onone";
			};
			name = Debug;
		};
		228D115729A910D700F132C2 /* Release */ = {
			isa = XCBuildConfiguration;
			buildSettings = {
				ALWAYS_SEARCH_USER_PATHS = NO;
				CLANG_ANALYZER_NONNULL = YES;
				CLANG_ANALYZER_NUMBER_OBJECT_CONVERSION = YES_AGGRESSIVE;
				CLANG_CXX_LANGUAGE_STANDARD = "gnu++20";
				CLANG_ENABLE_MODULES = YES;
				CLANG_ENABLE_OBJC_ARC = YES;
				CLANG_ENABLE_OBJC_WEAK = YES;
				CLANG_WARN_BLOCK_CAPTURE_AUTORELEASING = YES;
				CLANG_WARN_BOOL_CONVERSION = YES;
				CLANG_WARN_COMMA = YES;
				CLANG_WARN_CONSTANT_CONVERSION = YES;
				CLANG_WARN_DEPRECATED_OBJC_IMPLEMENTATIONS = YES;
				CLANG_WARN_DIRECT_OBJC_ISA_USAGE = YES_ERROR;
				CLANG_WARN_DOCUMENTATION_COMMENTS = YES;
				CLANG_WARN_EMPTY_BODY = YES;
				CLANG_WARN_ENUM_CONVERSION = YES;
				CLANG_WARN_INFINITE_RECURSION = YES;
				CLANG_WARN_INT_CONVERSION = YES;
				CLANG_WARN_NON_LITERAL_NULL_CONVERSION = YES;
				CLANG_WARN_OBJC_IMPLICIT_RETAIN_SELF = YES;
				CLANG_WARN_OBJC_LITERAL_CONVERSION = YES;
				CLANG_WARN_OBJC_ROOT_CLASS = YES_ERROR;
				CLANG_WARN_QUOTED_INCLUDE_IN_FRAMEWORK_HEADER = YES;
				CLANG_WARN_RANGE_LOOP_ANALYSIS = YES;
				CLANG_WARN_STRICT_PROTOTYPES = YES;
				CLANG_WARN_SUSPICIOUS_MOVE = YES;
				CLANG_WARN_UNGUARDED_AVAILABILITY = YES_AGGRESSIVE;
				CLANG_WARN_UNREACHABLE_CODE = YES;
				CLANG_WARN__DUPLICATE_METHOD_MATCH = YES;
				COPY_PHASE_STRIP = NO;
				DEBUG_INFORMATION_FORMAT = "dwarf-with-dsym";
				ENABLE_NS_ASSERTIONS = NO;
				ENABLE_STRICT_OBJC_MSGSEND = YES;
				GCC_C_LANGUAGE_STANDARD = gnu11;
				GCC_NO_COMMON_BLOCKS = YES;
				GCC_WARN_64_TO_32_BIT_CONVERSION = YES;
				GCC_WARN_ABOUT_RETURN_TYPE = YES_ERROR;
				GCC_WARN_UNDECLARED_SELECTOR = YES;
				GCC_WARN_UNINITIALIZED_AUTOS = YES_AGGRESSIVE;
				GCC_WARN_UNUSED_FUNCTION = YES;
				GCC_WARN_UNUSED_VARIABLE = YES;
				IPHONEOS_DEPLOYMENT_TARGET = 16.1;
				MTL_ENABLE_DEBUG_INFO = NO;
				MTL_FAST_MATH = YES;
				SDKROOT = iphoneos;
				SWIFT_COMPILATION_MODE = wholemodule;
				SWIFT_OPTIMIZATION_LEVEL = "-O";
				VALIDATE_PRODUCT = YES;
			};
			name = Release;
		};
		228D115929A910D700F132C2 /* Debug */ = {
			isa = XCBuildConfiguration;
			buildSettings = {
				ASSETCATALOG_COMPILER_APPICON_NAME = AppIcon;
				ASSETCATALOG_COMPILER_GLOBAL_ACCENT_COLOR_NAME = AccentColor;
				CODE_SIGN_STYLE = Automatic;
				CURRENT_PROJECT_VERSION = 1;
				DEVELOPMENT_ASSET_PATHS = "\"ExpenseTrackerApp/Preview Content\"";
				DEVELOPMENT_TEAM = 2V4848U2LJ;
				ENABLE_PREVIEWS = YES;
				GENERATE_INFOPLIST_FILE = YES;
				INFOPLIST_KEY_UIApplicationSceneManifest_Generation = YES;
				INFOPLIST_KEY_UIApplicationSupportsIndirectInputEvents = YES;
				INFOPLIST_KEY_UILaunchScreen_Generation = YES;
				INFOPLIST_KEY_UISupportedInterfaceOrientations_iPad = "UIInterfaceOrientationPortrait UIInterfaceOrientationPortraitUpsideDown UIInterfaceOrientationLandscapeLeft UIInterfaceOrientationLandscapeRight";
				INFOPLIST_KEY_UISupportedInterfaceOrientations_iPhone = "UIInterfaceOrientationPortrait UIInterfaceOrientationLandscapeLeft UIInterfaceOrientationLandscapeRight";
				LD_RUNPATH_SEARCH_PATHS = (
					"$(inherited)",
					"@executable_path/Frameworks",
				);
				MARKETING_VERSION = 1.0;
				PRODUCT_BUNDLE_IDENTIFIER = com.saytoonz.ExpenseTrackerApp;
				PRODUCT_NAME = "$(TARGET_NAME)";
				SWIFT_EMIT_LOC_STRINGS = YES;
				SWIFT_VERSION = 5.0;
				TARGETED_DEVICE_FAMILY = "1,2";
			};
			name = Debug;
		};
		228D115A29A910D700F132C2 /* Release */ = {
			isa = XCBuildConfiguration;
			buildSettings = {
				ASSETCATALOG_COMPILER_APPICON_NAME = AppIcon;
				ASSETCATALOG_COMPILER_GLOBAL_ACCENT_COLOR_NAME = AccentColor;
				CODE_SIGN_STYLE = Automatic;
				CURRENT_PROJECT_VERSION = 1;
				DEVELOPMENT_ASSET_PATHS = "\"ExpenseTrackerApp/Preview Content\"";
				DEVELOPMENT_TEAM = 2V4848U2LJ;
				ENABLE_PREVIEWS = YES;
				GENERATE_INFOPLIST_FILE = YES;
				INFOPLIST_KEY_UIApplicationSceneManifest_Generation = YES;
				INFOPLIST_KEY_UIApplicationSupportsIndirectInputEvents = YES;
				INFOPLIST_KEY_UILaunchScreen_Generation = YES;
				INFOPLIST_KEY_UISupportedInterfaceOrientations_iPad = "UIInterfaceOrientationPortrait UIInterfaceOrientationPortraitUpsideDown UIInterfaceOrientationLandscapeLeft UIInterfaceOrientationLandscapeRight";
				INFOPLIST_KEY_UISupportedInterfaceOrientations_iPhone = "UIInterfaceOrientationPortrait UIInterfaceOrientationLandscapeLeft UIInterfaceOrientationLandscapeRight";
				LD_RUNPATH_SEARCH_PATHS = (
					"$(inherited)",
					"@executable_path/Frameworks",
				);
				MARKETING_VERSION = 1.0;
				PRODUCT_BUNDLE_IDENTIFIER = com.saytoonz.ExpenseTrackerApp;
				PRODUCT_NAME = "$(TARGET_NAME)";
				SWIFT_EMIT_LOC_STRINGS = YES;
				SWIFT_VERSION = 5.0;
				TARGETED_DEVICE_FAMILY = "1,2";
			};
			name = Release;
		};
/* End XCBuildConfiguration section */

/* Begin XCConfigurationList section */
		228D114529A910D500F132C2 /* Build configuration list for PBXProject "ExpenseTrackerApp" */ = {
			isa = XCConfigurationList;
			buildConfigurations = (
				228D115629A910D700F132C2 /* Debug */,
				228D115729A910D700F132C2 /* Release */,
			);
			defaultConfigurationIsVisible = 0;
			defaultConfigurationName = Release;
		};
		228D115829A910D700F132C2 /* Build configuration list for PBXNativeTarget "ExpenseTrackerApp" */ = {
			isa = XCConfigurationList;
			buildConfigurations = (
				228D115929A910D700F132C2 /* Debug */,
				228D115A29A910D700F132C2 /* Release */,
			);
			defaultConfigurationIsVisible = 0;
			defaultConfigurationName = Release;
		};
/* End XCConfigurationList section */

/* Begin XCRemoteSwiftPackageReference section */
		22ADD7BA29A9FF8F00242DF2 /* XCRemoteSwiftPackageReference "SwiftUIFontIcon" */ = {
			isa = XCRemoteSwiftPackageReference;
			repositoryURL = "https://github.com/huybuidac/SwiftUIFontIcon";
			requirement = {
				branch = master;
				kind = branch;
			};
		};
		22DCA41A29AAB53B001ED045 /* XCRemoteSwiftPackageReference "swift-collections" */ = {
			isa = XCRemoteSwiftPackageReference;
			repositoryURL = "https://github.com/apple/swift-collections.git";
			requirement = {
				kind = upToNextMajorVersion;
				minimumVersion = 1.0.4;
			};
		};
/* End XCRemoteSwiftPackageReference section */

/* Begin XCSwiftPackageProductDependency section */
		22ADD7BB29A9FF8F00242DF2 /* SwiftUIFontIcon */ = {
			isa = XCSwiftPackageProductDependency;
			package = 22ADD7BA29A9FF8F00242DF2 /* XCRemoteSwiftPackageReference "SwiftUIFontIcon" */;
			productName = SwiftUIFontIcon;
		};
		22DCA41B29AAB53B001ED045 /* Collections */ = {
			isa = XCSwiftPackageProductDependency;
			package = 22DCA41A29AAB53B001ED045 /* XCRemoteSwiftPackageReference "swift-collections" */;
			productName = Collections;
		};
/* End XCSwiftPackageProductDependency section */
	};
	rootObject = 228D114229A910D500F132C2 /* Project object */;
}
